
Microsoft Visual Studio Solution File, Format Version 12.00
# Visual Studio 15
VisualStudioVersion = 15.0.25920.0
MinimumVisualStudioVersion = 10.0.40219.1
Project("{FAE04EC0-301F-11D3-BF4B-00C04F79EFBC}") = "VndbSharp", "VndbSharp\VndbSharp.csproj", "{48FC2FF0-76BE-4A6A-AA55-0D63B5D0469C}"
EndProject
Global
	GlobalSection(SolutionConfigurationPlatforms) = preSolution
		Debug|Any CPU = Debug|Any CPU
		Release|Any CPU = Release|Any CPU
	EndGlobalSection
	GlobalSection(ProjectConfigurationPlatforms) = postSolution
		{48FC2FF0-76BE-4A6A-AA55-0D63B5D0469C}.Debug|Any CPU.ActiveCfg = Debug|Any CPU
		{48FC2FF0-76BE-4A6A-AA55-0D63B5D0469C}.Debug|Any CPU.Build.0 = Debug|Any CPU
		{48FC2FF0-76BE-4A6A-AA55-0D63B5D0469C}.Release|Any CPU.ActiveCfg = Release|Any CPU
		{48FC2FF0-76BE-4A6A-AA55-0D63B5D0469C}.Release|Any CPU.Build.0 = Release|Any CPU
	EndGlobalSection
	GlobalSection(SolutionProperties) = preSolution
		HideSolutionNode = FALSE
	EndGlobalSection
EndGlobal
